
Microsoft Visual Studio Solution File, Format Version 11.00
# Visual Studio 2010
Project("{D2ABAB84-BF74-430A-B69E-9DC6D40DDA17}") = "AmazonFinalProject2", "AmazonFinalProject2\AmazonFinalProject2.dwproj", "{A9F86978-5740-42A4-A909-6431CFE4FD9D}"
EndProject
Global
	GlobalSection(SolutionConfigurationPlatforms) = preSolution
		Development|Default = Development|Default
	EndGlobalSection
	GlobalSection(ProjectConfigurationPlatforms) = postSolution
		{A9F86978-5740-42A4-A909-6431CFE4FD9D}.Development|Default.ActiveCfg = Development
		{A9F86978-5740-42A4-A909-6431CFE4FD9D}.Development|Default.Build.0 = Development
		{A9F86978-5740-42A4-A909-6431CFE4FD9D}.Development|Default.Deploy.0 = Development
	EndGlobalSection
	GlobalSection(SolutionProperties) = preSolution
		HideSolutionNode = FALSE
	EndGlobalSection
EndGlobal
